// !$*UTF8*$!
{
	archiveVersion = 1;
	classes = {
	};
	objectVersion = 55;
	objects = {

/* Begin PBXBuildFile section */
		5EB45496285ECF9C00EF9DDC /* AppDelegate.swift in Sources */ = {isa = PBXBuildFile; fileRef = 5EB45495285ECF9C00EF9DDC /* AppDelegate.swift */; };
		5EB45498285ECF9C00EF9DDC /* SceneDelegate.swift in Sources */ = {isa = PBXBuildFile; fileRef = 5EB45497285ECF9C00EF9DDC /* SceneDelegate.swift */; };
		5EB4549A285ECF9C00EF9DDC /* IntroductionViewController.swift in Sources */ = {isa = PBXBuildFile; fileRef = 5EB45499285ECF9C00EF9DDC /* IntroductionViewController.swift */; };
		5EB4549D285ECF9C00EF9DDC /* Main.storyboard in Resources */ = {isa = PBXBuildFile; fileRef = 5EB4549B285ECF9C00EF9DDC /* Main.storyboard */; };
		5EB4549F285ECF9D00EF9DDC /* Assets.xcassets in Resources */ = {isa = PBXBuildFile; fileRef = 5EB4549E285ECF9D00EF9DDC /* Assets.xcassets */; };
		5EB454A2285ECF9D00EF9DDC /* LaunchScreen.storyboard in Resources */ = {isa = PBXBuildFile; fileRef = 5EB454A0285ECF9D00EF9DDC /* LaunchScreen.storyboard */; };
		5EB454AF285EDC7500EF9DDC /* Question.swift in Sources */ = {isa = PBXBuildFile; fileRef = 5EB454AE285EDC7500EF9DDC /* Question.swift */; };
		5EB454DE2861DA4C00EF9DDC /* QuestionsViewController.swift in Sources */ = {isa = PBXBuildFile; fileRef = 5EB454DD2861DA4C00EF9DDC /* QuestionsViewController.swift */; };
		5EB454E02861DA7300EF9DDC /* ResultsViewController.swift in Sources */ = {isa = PBXBuildFile; fileRef = 5EB454DF2861DA7300EF9DDC /* ResultsViewController.swift */; };
/* End PBXBuildFile section */

/* Begin PBXFileReference section */
		5EB45492285ECF9C00EF9DDC /* PersonalQues.app */ = {isa = PBXFileReference; explicitFileType = wrapper.application; includeInIndex = 0; path = PersonalQues.app; sourceTree = BUILT_PRODUCTS_DIR; };
		5EB45495285ECF9C00EF9DDC /* AppDelegate.swift */ = {isa = PBXFileReference; lastKnownFileType = sourcecode.swift; path = AppDelegate.swift; sourceTree = "<group>"; };
		5EB45497285ECF9C00EF9DDC /* SceneDelegate.swift */ = {isa = PBXFileReference; lastKnownFileType = sourcecode.swift; path = SceneDelegate.swift; sourceTree = "<group>"; };
		5EB45499285ECF9C00EF9DDC /* IntroductionViewController.swift */ = {isa = PBXFileReference; lastKnownFileType = sourcecode.swift; path = IntroductionViewController.swift; sourceTree = "<group>"; };
		5EB4549C285ECF9C00EF9DDC /* Base */ = {isa = PBXFileReference; lastKnownFileType = file.storyboard; name = Base; path = Base.lproj/Main.storyboard; sourceTree = "<group>"; };
		5EB4549E285ECF9D00EF9DDC /* Assets.xcassets */ = {isa = PBXFileReference; lastKnownFileType = folder.assetcatalog; path = Assets.xcassets; sourceTree = "<group>"; };
		5EB454A1285ECF9D00EF9DDC /* Base */ = {isa = PBXFileReference; lastKnownFileType = file.storyboard; name = Base; path = Base.lproj/LaunchScreen.storyboard; sourceTree = "<group>"; };
		5EB454A3285ECF9D00EF9DDC /* Info.plist */ = {isa = PBXFileReference; lastKnownFileType = text.plist.xml; path = Info.plist; sourceTree = "<group>"; };
		5EB454AE285EDC7500EF9DDC /* Question.swift */ = {isa = PBXFileReference; lastKnownFileType = sourcecode.swift; path = Question.swift; sourceTree = "<group>"; };
		5EB454DD2861DA4C00EF9DDC /* QuestionsViewController.swift */ = {isa = PBXFileReference; lastKnownFileType = sourcecode.swift; path = QuestionsViewController.swift; sourceTree = "<group>"; };
		5EB454DF2861DA7300EF9DDC /* ResultsViewController.swift */ = {isa = PBXFileReference; lastKnownFileType = sourcecode.swift; path = ResultsViewController.swift; sourceTree = "<group>"; };
/* End PBXFileReference section */

/* Begin PBXFrameworksBuildPhase section */
		5EB4548F285ECF9C00EF9DDC /* Frameworks */ = {
			isa = PBXFrameworksBuildPhase;
			buildActionMask = 2147483647;
			files = (
			);
			runOnlyForDeploymentPostprocessing = 0;
		};
/* End PBXFrameworksBuildPhase section */

/* Begin PBXGroup section */
		5EB45489285ECF9C00EF9DDC = {
			isa = PBXGroup;
			children = (
				5EB45494285ECF9C00EF9DDC /* PersonalQues */,
				5EB45493285ECF9C00EF9DDC /* Products */,
			);
			sourceTree = "<group>";
		};
		5EB45493285ECF9C00EF9DDC /* Products */ = {
			isa = PBXGroup;
			children = (
				5EB45492285ECF9C00EF9DDC /* PersonalQues.app */,
			);
			name = Products;
			sourceTree = "<group>";
		};
		5EB45494285ECF9C00EF9DDC /* PersonalQues */ = {
			isa = PBXGroup;
			children = (
				5EB454AA285ED0AC00EF9DDC /* Models */,
				5EB454A9285ED09000EF9DDC /* ViewControllers */,
				5EB454AB285ED0B900EF9DDC /* Storyboards */,
				5EB454AC285ED0D800EF9DDC /* Resourses */,
				5EB454AD285ED0FD00EF9DDC /* Supports */,
			);
			path = PersonalQues;
			sourceTree = "<group>";
		};
		5EB454A9285ED09000EF9DDC /* ViewControllers */ = {
			isa = PBXGroup;
			children = (
				5EB45499285ECF9C00EF9DDC /* IntroductionViewController.swift */,
				5EB454DD2861DA4C00EF9DDC /* QuestionsViewController.swift */,
				5EB454DF2861DA7300EF9DDC /* ResultsViewController.swift */,
			);
			path = ViewControllers;
			sourceTree = "<group>";
		};
		5EB454AA285ED0AC00EF9DDC /* Models */ = {
			isa = PBXGroup;
			children = (
				5EB454AE285EDC7500EF9DDC /* Question.swift */,
			);
			path = Models;
			sourceTree = "<group>";
		};
		5EB454AB285ED0B900EF9DDC /* Storyboards */ = {
			isa = PBXGroup;
			children = (
				5EB4549B285ECF9C00EF9DDC /* Main.storyboard */,
				5EB454A0285ECF9D00EF9DDC /* LaunchScreen.storyboard */,
			);
			path = Storyboards;
			sourceTree = "<group>";
		};
		5EB454AC285ED0D800EF9DDC /* Resourses */ = {
			isa = PBXGroup;
			children = (
				5EB4549E285ECF9D00EF9DDC /* Assets.xcassets */,
			);
			path = Resourses;
			sourceTree = "<group>";
		};
		5EB454AD285ED0FD00EF9DDC /* Supports */ = {
			isa = PBXGroup;
			children = (
				5EB45495285ECF9C00EF9DDC /* AppDelegate.swift */,
				5EB45497285ECF9C00EF9DDC /* SceneDelegate.swift */,
				5EB454A3285ECF9D00EF9DDC /* Info.plist */,
			);
			path = Supports;
			sourceTree = "<group>";
		};
/* End PBXGroup section */

/* Begin PBXNativeTarget section */
		5EB45491285ECF9C00EF9DDC /* PersonalQues */ = {
			isa = PBXNativeTarget;
			buildConfigurationList = 5EB454A6285ECF9D00EF9DDC /* Build configuration list for PBXNativeTarget "PersonalQues" */;
			buildPhases = (
				5EB4548E285ECF9C00EF9DDC /* Sources */,
				5EB4548F285ECF9C00EF9DDC /* Frameworks */,
				5EB45490285ECF9C00EF9DDC /* Resources */,
			);
			buildRules = (
			);
			dependencies = (
			);
			name = PersonalQues;
			productName = PersonalQues;
			productReference = 5EB45492285ECF9C00EF9DDC /* PersonalQues.app */;
			productType = "com.apple.product-type.application";
		};
/* End PBXNativeTarget section */

/* Begin PBXProject section */
		5EB4548A285ECF9C00EF9DDC /* Project object */ = {
			isa = PBXProject;
			attributes = {
				BuildIndependentTargetsInParallel = 1;
				LastSwiftUpdateCheck = 1340;
				LastUpgradeCheck = 1340;
				TargetAttributes = {
					5EB45491285ECF9C00EF9DDC = {
						CreatedOnToolsVersion = 13.4.1;
					};
				};
			};
			buildConfigurationList = 5EB4548D285ECF9C00EF9DDC /* Build configuration list for PBXProject "PersonalQues" */;
			compatibilityVersion = "Xcode 13.0";
			developmentRegion = en;
			hasScannedForEncodings = 0;
			knownRegions = (
				en,
				Base,
			);
			mainGroup = 5EB45489285ECF9C00EF9DDC;
			productRefGroup = 5EB45493285ECF9C00EF9DDC /* Products */;
			projectDirPath = "";
			projectRoot = "";
			targets = (
				5EB45491285ECF9C00EF9DDC /* PersonalQues */,
			);
		};
/* End PBXProject section */

/* Begin PBXResourcesBuildPhase section */
		5EB45490285ECF9C00EF9DDC /* Resources */ = {
			isa = PBXResourcesBuildPhase;
			buildActionMask = 2147483647;
			files = (
				5EB454A2285ECF9D00EF9DDC /* LaunchScreen.storyboard in Resources */,
				5EB4549F285ECF9D00EF9DDC /* Assets.xcassets in Resources */,
				5EB4549D285ECF9C00EF9DDC /* Main.storyboard in Resources */,
			);
			runOnlyForDeploymentPostprocessing = 0;
		};
/* End PBXResourcesBuildPhase section */

/* Begin PBXSourcesBuildPhase section */
		5EB4548E285ECF9C00EF9DDC /* Sources */ = {
			isa = PBXSourcesBuildPhase;
			buildActionMask = 2147483647;
			files = (
				5EB4549A285ECF9C00EF9DDC /* IntroductionViewController.swift in Sources */,
				5EB454DE2861DA4C00EF9DDC /* QuestionsViewController.swift in Sources */,
				5EB454AF285EDC7500EF9DDC /* Question.swift in Sources */,
				5EB45496285ECF9C00EF9DDC /* AppDelegate.swift in Sources */,
				5EB45498285ECF9C00EF9DDC /* SceneDelegate.swift in Sources */,
				5EB454E02861DA7300EF9DDC /* ResultsViewController.swift in Sources */,
			);
			runOnlyForDeploymentPostprocessing = 0;
		};
/* End PBXSourcesBuildPhase section */

/* Begin PBXVariantGroup section */
		5EB4549B285ECF9C00EF9DDC /* Main.storyboard */ = {
			isa = PBXVariantGroup;
			children = (
				5EB4549C285ECF9C00EF9DDC /* Base */,
			);
			name = Main.storyboard;
			sourceTree = "<group>";
		};
		5EB454A0285ECF9D00EF9DDC /* LaunchScreen.storyboard */ = {
			isa = PBXVariantGroup;
			children = (
				5EB454A1285ECF9D00EF9DDC /* Base */,
			);
			name = LaunchScreen.storyboard;
			sourceTree = "<group>";
		};
/* End PBXVariantGroup section */

/* Begin XCBuildConfiguration section */
		5EB454A4285ECF9D00EF9DDC /* Debug */ = {
			isa = XCBuildConfiguration;
			buildSettings = {
				ALWAYS_SEARCH_USER_PATHS = NO;
				CLANG_ANALYZER_NONNULL = YES;
				CLANG_ANALYZER_NUMBER_OBJECT_CONVERSION = YES_AGGRESSIVE;
				CLANG_CXX_LANGUAGE_STANDARD = "gnu++17";
				CLANG_ENABLE_MODULES = YES;
				CLANG_ENABLE_OBJC_ARC = YES;
				CLANG_ENABLE_OBJC_WEAK = YES;
				CLANG_WARN_BLOCK_CAPTURE_AUTORELEASING = YES;
				CLANG_WARN_BOOL_CONVERSION = YES;
				CLANG_WARN_COMMA = YES;
				CLANG_WARN_CONSTANT_CONVERSION = YES;
				CLANG_WARN_DEPRECATED_OBJC_IMPLEMENTATIONS = YES;
				CLANG_WARN_DIRECT_OBJC_ISA_USAGE = YES_ERROR;
				CLANG_WARN_DOCUMENTATION_COMMENTS = YES;
				CLANG_WARN_EMPTY_BODY = YES;
				CLANG_WARN_ENUM_CONVERSION = YES;
				CLANG_WARN_INFINITE_RECURSION = YES;
				CLANG_WARN_INT_CONVERSION = YES;
				CLANG_WARN_NON_LITERAL_NULL_CONVERSION = YES;
				CLANG_WARN_OBJC_IMPLICIT_RETAIN_SELF = YES;
				CLANG_WARN_OBJC_LITERAL_CONVERSION = YES;
				CLANG_WARN_OBJC_ROOT_CLASS = YES_ERROR;
				CLANG_WARN_QUOTED_INCLUDE_IN_FRAMEWORK_HEADER = YES;
				CLANG_WARN_RANGE_LOOP_ANALYSIS = YES;
				CLANG_WARN_STRICT_PROTOTYPES = YES;
				CLANG_WARN_SUSPICIOUS_MOVE = YES;
				CLANG_WARN_UNGUARDED_AVAILABILITY = YES_AGGRESSIVE;
				CLANG_WARN_UNREACHABLE_CODE = YES;
				CLANG_WARN__DUPLICATE_METHOD_MATCH = YES;
				COPY_PHASE_STRIP = NO;
				DEBUG_INFORMATION_FORMAT = dwarf;
				ENABLE_STRICT_OBJC_MSGSEND = YES;
				ENABLE_TESTABILITY = YES;
				GCC_C_LANGUAGE_STANDARD = gnu11;
				GCC_DYNAMIC_NO_PIC = NO;
				GCC_NO_COMMON_BLOCKS = YES;
				GCC_OPTIMIZATION_LEVEL = 0;
				GCC_PREPROCESSOR_DEFINITIONS = (
					"DEBUG=1",
					"$(inherited)",
				);
				GCC_WARN_64_TO_32_BIT_CONVERSION = YES;
				GCC_WARN_ABOUT_RETURN_TYPE = YES_ERROR;
				GCC_WARN_UNDECLARED_SELECTOR = YES;
				GCC_WARN_UNINITIALIZED_AUTOS = YES_AGGRESSIVE;
				GCC_WARN_UNUSED_FUNCTION = YES;
				GCC_WARN_UNUSED_VARIABLE = YES;
				IPHONEOS_DEPLOYMENT_TARGET = 15.5;
				MTL_ENABLE_DEBUG_INFO = INCLUDE_SOURCE;
				MTL_FAST_MATH = YES;
				ONLY_ACTIVE_ARCH = YES;
				SDKROOT = iphoneos;
				SWIFT_ACTIVE_COMPILATION_CONDITIONS = DEBUG;
				SWIFT_OPTIMIZATION_LEVEL = "-Onone";
			};
			name = Debug;
		};
		5EB454A5285ECF9D00EF9DDC /* Release */ = {
			isa = XCBuildConfiguration;
			buildSettings = {
				ALWAYS_SEARCH_USER_PATHS = NO;
				CLANG_ANALYZER_NONNULL = YES;
				CLANG_ANALYZER_NUMBER_OBJECT_CONVERSION = YES_AGGRESSIVE;
				CLANG_CXX_LANGUAGE_STANDARD = "gnu++17";
				CLANG_ENABLE_MODULES = YES;
				CLANG_ENABLE_OBJC_ARC = YES;
				CLANG_ENABLE_OBJC_WEAK = YES;
				CLANG_WARN_BLOCK_CAPTURE_AUTORELEASING = YES;
				CLANG_WARN_BOOL_CONVERSION = YES;
				CLANG_WARN_COMMA = YES;
				CLANG_WARN_CONSTANT_CONVERSION = YES;
				CLANG_WARN_DEPRECATED_OBJC_IMPLEMENTATIONS = YES;
				CLANG_WARN_DIRECT_OBJC_ISA_USAGE = YES_ERROR;
				CLANG_WARN_DOCUMENTATION_COMMENTS = YES;
				CLANG_WARN_EMPTY_BODY = YES;
				CLANG_WARN_ENUM_CONVERSION = YES;
				CLANG_WARN_INFINITE_RECURSION = YES;
				CLANG_WARN_INT_CONVERSION = YES;
				CLANG_WARN_NON_LITERAL_NULL_CONVERSION = YES;
				CLANG_WARN_OBJC_IMPLICIT_RETAIN_SELF = YES;
				CLANG_WARN_OBJC_LITERAL_CONVERSION = YES;
				CLANG_WARN_OBJC_ROOT_CLASS = YES_ERROR;
				CLANG_WARN_QUOTED_INCLUDE_IN_FRAMEWORK_HEADER = YES;
				CLANG_WARN_RANGE_LOOP_ANALYSIS = YES;
				CLANG_WARN_STRICT_PROTOTYPES = YES;
				CLANG_WARN_SUSPICIOUS_MOVE = YES;
				CLANG_WARN_UNGUARDED_AVAILABILITY = YES_AGGRESSIVE;
				CLANG_WARN_UNREACHABLE_CODE = YES;
				CLANG_WARN__DUPLICATE_METHOD_MATCH = YES;
				COPY_PHASE_STRIP = NO;
				DEBUG_INFORMATION_FORMAT = "dwarf-with-dsym";
				ENABLE_NS_ASSERTIONS = NO;
				ENABLE_STRICT_OBJC_MSGSEND = YES;
				GCC_C_LANGUAGE_STANDARD = gnu11;
				GCC_NO_COMMON_BLOCKS = YES;
				GCC_WARN_64_TO_32_BIT_CONVERSION = YES;
				GCC_WARN_ABOUT_RETURN_TYPE = YES_ERROR;
				GCC_WARN_UNDECLARED_SELECTOR = YES;
				GCC_WARN_UNINITIALIZED_AUTOS = YES_AGGRESSIVE;
				GCC_WARN_UNUSED_FUNCTION = YES;
				GCC_WARN_UNUSED_VARIABLE = YES;
				IPHONEOS_DEPLOYMENT_TARGET = 15.5;
				MTL_ENABLE_DEBUG_INFO = NO;
				MTL_FAST_MATH = YES;
				SDKROOT = iphoneos;
				SWIFT_COMPILATION_MODE = wholemodule;
				SWIFT_OPTIMIZATION_LEVEL = "-O";
				VALIDATE_PRODUCT = YES;
			};
			name = Release;
		};
		5EB454A7285ECF9D00EF9DDC /* Debug */ = {
			isa = XCBuildConfiguration;
			buildSettings = {
				ASSETCATALOG_COMPILER_APPICON_NAME = AppIcon;
				ASSETCATALOG_COMPILER_GLOBAL_ACCENT_COLOR_NAME = AccentColor;
				CODE_SIGN_STYLE = Automatic;
				CURRENT_PROJECT_VERSION = 1;
				DEVELOPMENT_TEAM = 5V5TAGZG5N;
				GENERATE_INFOPLIST_FILE = YES;
				INFOPLIST_FILE = PersonalQues/Supports/Info.plist;
				INFOPLIST_KEY_UIApplicationSupportsIndirectInputEvents = YES;
				INFOPLIST_KEY_UILaunchStoryboardName = LaunchScreen;
				INFOPLIST_KEY_UIMainStoryboardFile = Main;
				INFOPLIST_KEY_UISupportedInterfaceOrientations = UIInterfaceOrientationPortrait;
				INFOPLIST_KEY_UISupportedInterfaceOrientations_iPad = "UIInterfaceOrientationPortrait UIInterfaceOrientationPortraitUpsideDown UIInterfaceOrientationLandscapeLeft UIInterfaceOrientationLandscapeRight";
				INFOPLIST_KEY_UISupportedInterfaceOrientations_iPhone = "UIInterfaceOrientationPortrait UIInterfaceOrientationLandscapeLeft UIInterfaceOrientationLandscapeRight";
				LD_RUNPATH_SEARCH_PATHS = (
					"$(inherited)",
					"@executable_path/Frameworks",
				);
				MARKETING_VERSION = 1.0;
				PRODUCT_BUNDLE_IDENTIFIER = SAT.PersonalQues;
				PRODUCT_NAME = "$(TARGET_NAME)";
				SWIFT_EMIT_LOC_STRINGS = YES;
				SWIFT_VERSION = 5.0;
				TARGETED_DEVICE_FAMILY = 1;
			};
			name = Debug;
		};
		5EB454A8285ECF9D00EF9DDC /* Release */ = {
			isa = XCBuildConfiguration;
			buildSettings = {
				ASSETCATALOG_COMPILER_APPICON_NAME = AppIcon;
				ASSETCATALOG_COMPILER_GLOBAL_ACCENT_COLOR_NAME = AccentColor;
				CODE_SIGN_STYLE = Automatic;
				CURRENT_PROJECT_VERSION = 1;
				DEVELOPMENT_TEAM = 5V5TAGZG5N;
				GENERATE_INFOPLIST_FILE = YES;
				INFOPLIST_FILE = PersonalQues/Supports/Info.plist;
				INFOPLIST_KEY_UIApplicationSupportsIndirectInputEvents = YES;
				INFOPLIST_KEY_UILaunchStoryboardName = LaunchScreen;
				INFOPLIST_KEY_UIMainStoryboardFile = Main;
				INFOPLIST_KEY_UISupportedInterfaceOrientations = UIInterfaceOrientationPortrait;
				INFOPLIST_KEY_UISupportedInterfaceOrientations_iPad = "UIInterfaceOrientationPortrait UIInterfaceOrientationPortraitUpsideDown UIInterfaceOrientationLandscapeLeft UIInterfaceOrientationLandscapeRight";
				INFOPLIST_KEY_UISupportedInterfaceOrientations_iPhone = "UIInterfaceOrientationPortrait UIInterfaceOrientationLandscapeLeft UIInterfaceOrientationLandscapeRight";
				LD_RUNPATH_SEARCH_PATHS = (
					"$(inherited)",
					"@executable_path/Frameworks",
				);
				MARKETING_VERSION = 1.0;
				PRODUCT_BUNDLE_IDENTIFIER = SAT.PersonalQues;
				PRODUCT_NAME = "$(TARGET_NAME)";
				SWIFT_EMIT_LOC_STRINGS = YES;
				SWIFT_VERSION = 5.0;
				TARGETED_DEVICE_FAMILY = 1;
			};
			name = Release;
		};
/* End XCBuildConfiguration section */

/* Begin XCConfigurationList section */
		5EB4548D285ECF9C00EF9DDC /* Build configuration list for PBXProject "PersonalQues" */ = {
			isa = XCConfigurationList;
			buildConfigurations = (
				5EB454A4285ECF9D00EF9DDC /* Debug */,
				5EB454A5285ECF9D00EF9DDC /* Release */,
			);
			defaultConfigurationIsVisible = 0;
			defaultConfigurationName = Release;
		};
		5EB454A6285ECF9D00EF9DDC /* Build configuration list for PBXNativeTarget "PersonalQues" */ = {
			isa = XCConfigurationList;
			buildConfigurations = (
				5EB454A7285ECF9D00EF9DDC /* Debug */,
				5EB454A8285ECF9D00EF9DDC /* Release */,
			);
			defaultConfigurationIsVisible = 0;
			defaultConfigurationName = Release;
		};
/* End XCConfigurationList section */
	};
	rootObject = 5EB4548A285ECF9C00EF9DDC /* Project object */;
}
